
Microsoft Visual Studio Solution File, Format Version 12.00
# Visual Studio Version 17
VisualStudioVersion = 17.1.32319.34
MinimumVisualStudioVersion = 10.0.40219.1
Project("{FAE04EC0-301F-11D3-BF4B-00C04F79EFBC}") = "Lab02", "Lab02\Lab02.csproj", "{A20D60DB-E6C1-426D-9A99-96A36D9FE81A}"
EndProject
Global
	GlobalSection(SolutionConfigurationPlatforms) = preSolution
		Debug|Any CPU = Debug|Any CPU
		Release|Any CPU = Release|Any CPU
	EndGlobalSection
	GlobalSection(ProjectConfigurationPlatforms) = postSolution
		{A20D60DB-E6C1-426D-9A99-96A36D9FE81A}.Debug|Any CPU.ActiveCfg = Debug|Any CPU
		{A20D60DB-E6C1-426D-9A99-96A36D9FE81A}.Debug|Any CPU.Build.0 = Debug|Any CPU
		{A20D60DB-E6C1-426D-9A99-96A36D9FE81A}.Release|Any CPU.ActiveCfg = Release|Any CPU
		{A20D60DB-E6C1-426D-9A99-96A36D9FE81A}.Release|Any CPU.Build.0 = Release|Any CPU
	EndGlobalSection
	GlobalSection(SolutionProperties) = preSolution
		HideSolutionNode = FALSE
	EndGlobalSection
	GlobalSection(ExtensibilityGlobals) = postSolution
		SolutionGuid = {A23B8352-EBEB-4917-A611-FDA077A265AA}
	EndGlobalSection
EndGlobal
