
Microsoft Visual Studio Solution File, Format Version 12.00
# Visual Studio Version 17
VisualStudioVersion = 17.1.32319.34
MinimumVisualStudioVersion = 10.0.40219.1
Project("{FAE04EC0-301F-11D3-BF4B-00C04F79EFBC}") = "Lab01", "Lab01\Lab01.csproj", "{473F4AD0-C645-4C32-911D-63603658C67B}"
EndProject
Global
	GlobalSection(SolutionConfigurationPlatforms) = preSolution
		Debug|Any CPU = Debug|Any CPU
		Release|Any CPU = Release|Any CPU
	EndGlobalSection
	GlobalSection(ProjectConfigurationPlatforms) = postSolution
		{473F4AD0-C645-4C32-911D-63603658C67B}.Debug|Any CPU.ActiveCfg = Debug|Any CPU
		{473F4AD0-C645-4C32-911D-63603658C67B}.Debug|Any CPU.Build.0 = Debug|Any CPU
		{473F4AD0-C645-4C32-911D-63603658C67B}.Release|Any CPU.ActiveCfg = Release|Any CPU
		{473F4AD0-C645-4C32-911D-63603658C67B}.Release|Any CPU.Build.0 = Release|Any CPU
	EndGlobalSection
	GlobalSection(SolutionProperties) = preSolution
		HideSolutionNode = FALSE
	EndGlobalSection
	GlobalSection(ExtensibilityGlobals) = postSolution
		SolutionGuid = {EB728322-6324-4163-8C25-1461DCEB0468}
	EndGlobalSection
EndGlobal
